
Microsoft Visual Studio Solution File, Format Version 12.00
# Visual Studio Version 17
VisualStudioVersion = 17.3.32819.101
MinimumVisualStudioVersion = 10.0.40219.1
Project("{FAE04EC0-301F-11D3-BF4B-00C04F79EFBC}") = "Console", "Console\Console.csproj", "{AAEE80FE-F65F-40A7-85DA-BCB94ADEA5A4}"
EndProject
Project("{FAE04EC0-301F-11D3-BF4B-00C04F79EFBC}") = "GeometricShapes", "GeometricShapes\GeometricShapes.csproj", "{67B56700-895C-4D40-A55C-3EAAD3A59C6F}"
EndProject
Global
	GlobalSection(SolutionConfigurationPlatforms) = preSolution
		Debug|Any CPU = Debug|Any CPU
		Release|Any CPU = Release|Any CPU
	EndGlobalSection
	GlobalSection(ProjectConfigurationPlatforms) = postSolution
		{AAEE80FE-F65F-40A7-85DA-BCB94ADEA5A4}.Debug|Any CPU.ActiveCfg = Debug|Any CPU
		{AAEE80FE-F65F-40A7-85DA-BCB94ADEA5A4}.Debug|Any CPU.Build.0 = Debug|Any CPU
		{AAEE80FE-F65F-40A7-85DA-BCB94ADEA5A4}.Release|Any CPU.ActiveCfg = Release|Any CPU
		{AAEE80FE-F65F-40A7-85DA-BCB94ADEA5A4}.Release|Any CPU.Build.0 = Release|Any CPU
		{67B56700-895C-4D40-A55C-3EAAD3A59C6F}.Debug|Any CPU.ActiveCfg = Debug|Any CPU
		{67B56700-895C-4D40-A55C-3EAAD3A59C6F}.Debug|Any CPU.Build.0 = Debug|Any CPU
		{67B56700-895C-4D40-A55C-3EAAD3A59C6F}.Release|Any CPU.ActiveCfg = Release|Any CPU
		{67B56700-895C-4D40-A55C-3EAAD3A59C6F}.Release|Any CPU.Build.0 = Release|Any CPU
	EndGlobalSection
	GlobalSection(SolutionProperties) = preSolution
		HideSolutionNode = FALSE
	EndGlobalSection
	GlobalSection(ExtensibilityGlobals) = postSolution
		SolutionGuid = {BDC21B71-C8C0-4B33-9615-451A2970F48A}
	EndGlobalSection
EndGlobal
